
Microsoft Visual Studio Solution File, Format Version 12.00
# Visual Studio Version 17
VisualStudioVersion = 17.7.34202.233
MinimumVisualStudioVersion = 10.0.40219.1
Project("{FAE04EC0-301F-11D3-BF4B-00C04F79EFBC}") = "ConsoleApp2", "ConsoleApp2\ConsoleApp2.csproj", "{1FDF7B3D-7612-4A2B-BA02-9B53271EB3E0}"
EndProject
Global
	GlobalSection(SolutionConfigurationPlatforms) = preSolution
		Debug|Any CPU = Debug|Any CPU
		Release|Any CPU = Release|Any CPU
	EndGlobalSection
	GlobalSection(ProjectConfigurationPlatforms) = postSolution
		{1FDF7B3D-7612-4A2B-BA02-9B53271EB3E0}.Debug|Any CPU.ActiveCfg = Debug|Any CPU
		{1FDF7B3D-7612-4A2B-BA02-9B53271EB3E0}.Debug|Any CPU.Build.0 = Debug|Any CPU
		{1FDF7B3D-7612-4A2B-BA02-9B53271EB3E0}.Release|Any CPU.ActiveCfg = Release|Any CPU
		{1FDF7B3D-7612-4A2B-BA02-9B53271EB3E0}.Release|Any CPU.Build.0 = Release|Any CPU
	EndGlobalSection
	GlobalSection(SolutionProperties) = preSolution
		HideSolutionNode = FALSE
	EndGlobalSection
	GlobalSection(ExtensibilityGlobals) = postSolution
		SolutionGuid = {3D1C06B0-C0E2-4A20-AC96-1685EC7BF24E}
	EndGlobalSection
EndGlobal
